
Microsoft Visual Studio Solution File, Format Version 12.00
# Visual Studio Version 17
VisualStudioVersion = 17.14.37216.2 d17.14
MinimumVisualStudioVersion = 10.0.40219.1
Project("{8BC9CEB8-8B4A-11D0-8D11-00A0C91BC942}") = "renderer_vulkan", "renderer_vulkan\renderer_vulkan.vcxproj", "{B479753E-85E3-415B-8965-70EEC344510C}"
EndProject
Global
	GlobalSection(SolutionConfigurationPlatforms) = preSolution
		Debug|x64 = Debug|x64
		Debug|x86 = Debug|x86
		Release|x64 = Release|x64
		Release|x86 = Release|x86
	EndGlobalSection
	GlobalSection(ProjectConfigurationPlatforms) = postSolution
		{B479753E-85E3-415B-8965-70EEC344510C}.Debug|x64.ActiveCfg = Debug|x64
		{B479753E-85E3-415B-8965-70EEC344510C}.Debug|x64.Build.0 = Debug|x64
		{B479753E-85E3-415B-8965-70EEC344510C}.Debug|x86.ActiveCfg = Debug|Win32
		{B479753E-85E3-415B-8965-70EEC344510C}.Debug|x86.Build.0 = Debug|Win32
		{B479753E-85E3-415B-8965-70EEC344510C}.Release|x64.ActiveCfg = Release|x64
		{B479753E-85E3-415B-8965-70EEC344510C}.Release|x64.Build.0 = Release|x64
		{B479753E-85E3-415B-8965-70EEC344510C}.Release|x86.ActiveCfg = Release|Win32
		{B479753E-85E3-415B-8965-70EEC344510C}.Release|x86.Build.0 = Release|Win32
	EndGlobalSection
	GlobalSection(SolutionProperties) = preSolution
		HideSolutionNode = FALSE
	EndGlobalSection
	GlobalSection(ExtensibilityGlobals) = postSolution
		SolutionGuid = {F8EC7F8A-09CD-4C6F-86BC-172106091D0C}
	EndGlobalSection
EndGlobal
